
Microsoft Visual Studio Solution File, Format Version 12.00
# Visual Studio 15
VisualStudioVersion = 15.0.28307.329
MinimumVisualStudioVersion = 10.0.40219.1
Project("{FAE04EC0-301F-11D3-BF4B-00C04F79EFBC}") = "CORE", "CORE\CORE.csproj", "{8557925C-1904-40C8-811B-D0C1EFDAF647}"
EndProject
Global
	GlobalSection(SolutionConfigurationPlatforms) = preSolution
		Debug|Any CPU = Debug|Any CPU
		Release|Any CPU = Release|Any CPU
	EndGlobalSection
	GlobalSection(ProjectConfigurationPlatforms) = postSolution
		{8557925C-1904-40C8-811B-D0C1EFDAF647}.Debug|Any CPU.ActiveCfg = Debug|Any CPU
		{8557925C-1904-40C8-811B-D0C1EFDAF647}.Debug|Any CPU.Build.0 = Debug|Any CPU
		{8557925C-1904-40C8-811B-D0C1EFDAF647}.Release|Any CPU.ActiveCfg = Release|Any CPU
		{8557925C-1904-40C8-811B-D0C1EFDAF647}.Release|Any CPU.Build.0 = Release|Any CPU
	EndGlobalSection
	GlobalSection(SolutionProperties) = preSolution
		HideSolutionNode = FALSE
	EndGlobalSection
	GlobalSection(ExtensibilityGlobals) = postSolution
		SolutionGuid = {F25D1334-36A9-4C74-9FB0-89C06FD0D5F8}
	EndGlobalSection
EndGlobal
